
Microsoft Visual Studio Solution File, Format Version 12.00
# Visual Studio Version 16
VisualStudioVersion = 16.0.30517.126
MinimumVisualStudioVersion = 10.0.40219.1
Project("{FAE04EC0-301F-11D3-BF4B-00C04F79EFBC}") = "Bloggy.Android", "Bloggy\Bloggy.Android\Bloggy.Android.csproj", "{EA0A59E4-B467-4C27-911B-26FD684490AF}"
EndProject
Project("{FAE04EC0-301F-11D3-BF4B-00C04F79EFBC}") = "Bloggy.iOS", "Bloggy\Bloggy.iOS\Bloggy.iOS.csproj", "{78751915-A8C8-4115-A38B-C7AAB0027873}"
EndProject
Project("{FAE04EC0-301F-11D3-BF4B-00C04F79EFBC}") = "Bloggy", "Bloggy\Bloggy\Bloggy.csproj", "{7E651488-1B84-4465-9798-94DF01E30E3A}"
EndProject
Global
	GlobalSection(SolutionConfigurationPlatforms) = preSolution
		Debug|Any CPU = Debug|Any CPU
		Debug|iPhone = Debug|iPhone
		Debug|iPhoneSimulator = Debug|iPhoneSimulator
		Release|Any CPU = Release|Any CPU
		Release|iPhone = Release|iPhone
		Release|iPhoneSimulator = Release|iPhoneSimulator
	EndGlobalSection
	GlobalSection(ProjectConfigurationPlatforms) = postSolution
		{EA0A59E4-B467-4C27-911B-26FD684490AF}.Debug|Any CPU.ActiveCfg = Debug|Any CPU
		{EA0A59E4-B467-4C27-911B-26FD684490AF}.Debug|Any CPU.Build.0 = Debug|Any CPU
		{EA0A59E4-B467-4C27-911B-26FD684490AF}.Debug|Any CPU.Deploy.0 = Debug|Any CPU
		{EA0A59E4-B467-4C27-911B-26FD684490AF}.Debug|iPhone.ActiveCfg = Debug|Any CPU
		{EA0A59E4-B467-4C27-911B-26FD684490AF}.Debug|iPhone.Build.0 = Debug|Any CPU
		{EA0A59E4-B467-4C27-911B-26FD684490AF}.Debug|iPhone.Deploy.0 = Debug|Any CPU
		{EA0A59E4-B467-4C27-911B-26FD684490AF}.Debug|iPhoneSimulator.ActiveCfg = Debug|Any CPU
		{EA0A59E4-B467-4C27-911B-26FD684490AF}.Debug|iPhoneSimulator.Build.0 = Debug|Any CPU
		{EA0A59E4-B467-4C27-911B-26FD684490AF}.Debug|iPhoneSimulator.Deploy.0 = Debug|Any CPU
		{EA0A59E4-B467-4C27-911B-26FD684490AF}.Release|Any CPU.ActiveCfg = Release|Any CPU
		{EA0A59E4-B467-4C27-911B-26FD684490AF}.Release|Any CPU.Build.0 = Release|Any CPU
		{EA0A59E4-B467-4C27-911B-26FD684490AF}.Release|Any CPU.Deploy.0 = Release|Any CPU
		{EA0A59E4-B467-4C27-911B-26FD684490AF}.Release|iPhone.ActiveCfg = Release|Any CPU
		{EA0A59E4-B467-4C27-911B-26FD684490AF}.Release|iPhone.Build.0 = Release|Any CPU
		{EA0A59E4-B467-4C27-911B-26FD684490AF}.Release|iPhone.Deploy.0 = Release|Any CPU
		{EA0A59E4-B467-4C27-911B-26FD684490AF}.Release|iPhoneSimulator.ActiveCfg = Release|Any CPU
		{EA0A59E4-B467-4C27-911B-26FD684490AF}.Release|iPhoneSimulator.Build.0 = Release|Any CPU
		{EA0A59E4-B467-4C27-911B-26FD684490AF}.Release|iPhoneSimulator.Deploy.0 = Release|Any CPU
		{78751915-A8C8-4115-A38B-C7AAB0027873}.Debug|Any CPU.ActiveCfg = Debug|iPhone
		{78751915-A8C8-4115-A38B-C7AAB0027873}.Debug|Any CPU.Build.0 = Debug|iPhone
		{78751915-A8C8-4115-A38B-C7AAB0027873}.Debug|Any CPU.Deploy.0 = Debug|iPhone
		{78751915-A8C8-4115-A38B-C7AAB0027873}.Debug|iPhone.ActiveCfg = Debug|iPhone
		{78751915-A8C8-4115-A38B-C7AAB0027873}.Debug|iPhone.Build.0 = Debug|iPhone
		{78751915-A8C8-4115-A38B-C7AAB0027873}.Debug|iPhone.Deploy.0 = Debug|iPhone
		{78751915-A8C8-4115-A38B-C7AAB0027873}.Debug|iPhoneSimulator.ActiveCfg = Debug|iPhoneSimulator
		{78751915-A8C8-4115-A38B-C7AAB0027873}.Debug|iPhoneSimulator.Build.0 = Debug|iPhoneSimulator
		{78751915-A8C8-4115-A38B-C7AAB0027873}.Debug|iPhoneSimulator.Deploy.0 = Debug|iPhoneSimulator
		{78751915-A8C8-4115-A38B-C7AAB0027873}.Release|Any CPU.ActiveCfg = Release|iPhoneSimulator
		{78751915-A8C8-4115-A38B-C7AAB0027873}.Release|Any CPU.Build.0 = Release|iPhoneSimulator
		{78751915-A8C8-4115-A38B-C7AAB0027873}.Release|Any CPU.Deploy.0 = Release|iPhoneSimulator
		{78751915-A8C8-4115-A38B-C7AAB0027873}.Release|iPhone.ActiveCfg = Release|iPhone
		{78751915-A8C8-4115-A38B-C7AAB0027873}.Release|iPhone.Build.0 = Release|iPhone
		{78751915-A8C8-4115-A38B-C7AAB0027873}.Release|iPhone.Deploy.0 = Release|iPhone
		{78751915-A8C8-4115-A38B-C7AAB0027873}.Release|iPhoneSimulator.ActiveCfg = Release|iPhoneSimulator
		{78751915-A8C8-4115-A38B-C7AAB0027873}.Release|iPhoneSimulator.Build.0 = Release|iPhoneSimulator
		{78751915-A8C8-4115-A38B-C7AAB0027873}.Release|iPhoneSimulator.Deploy.0 = Release|iPhoneSimulator
		{7E651488-1B84-4465-9798-94DF01E30E3A}.Debug|Any CPU.ActiveCfg = Debug|Any CPU
		{7E651488-1B84-4465-9798-94DF01E30E3A}.Debug|Any CPU.Build.0 = Debug|Any CPU
		{7E651488-1B84-4465-9798-94DF01E30E3A}.Debug|Any CPU.Deploy.0 = Debug|Any CPU
		{7E651488-1B84-4465-9798-94DF01E30E3A}.Debug|iPhone.ActiveCfg = Debug|Any CPU
		{7E651488-1B84-4465-9798-94DF01E30E3A}.Debug|iPhone.Build.0 = Debug|Any CPU
		{7E651488-1B84-4465-9798-94DF01E30E3A}.Debug|iPhone.Deploy.0 = Debug|Any CPU
		{7E651488-1B84-4465-9798-94DF01E30E3A}.Debug|iPhoneSimulator.ActiveCfg = Debug|Any CPU
		{7E651488-1B84-4465-9798-94DF01E30E3A}.Debug|iPhoneSimulator.Build.0 = Debug|Any CPU
		{7E651488-1B84-4465-9798-94DF01E30E3A}.Debug|iPhoneSimulator.Deploy.0 = Debug|Any CPU
		{7E651488-1B84-4465-9798-94DF01E30E3A}.Release|Any CPU.ActiveCfg = Release|Any CPU
		{7E651488-1B84-4465-9798-94DF01E30E3A}.Release|Any CPU.Build.0 = Release|Any CPU
		{7E651488-1B84-4465-9798-94DF01E30E3A}.Release|Any CPU.Deploy.0 = Release|Any CPU
		{7E651488-1B84-4465-9798-94DF01E30E3A}.Release|iPhone.ActiveCfg = Release|Any CPU
		{7E651488-1B84-4465-9798-94DF01E30E3A}.Release|iPhone.Build.0 = Release|Any CPU
		{7E651488-1B84-4465-9798-94DF01E30E3A}.Release|iPhone.Deploy.0 = Release|Any CPU
		{7E651488-1B84-4465-9798-94DF01E30E3A}.Release|iPhoneSimulator.ActiveCfg = Release|Any CPU
		{7E651488-1B84-4465-9798-94DF01E30E3A}.Release|iPhoneSimulator.Build.0 = Release|Any CPU
		{7E651488-1B84-4465-9798-94DF01E30E3A}.Release|iPhoneSimulator.Deploy.0 = Release|Any CPU
	EndGlobalSection
	GlobalSection(SolutionProperties) = preSolution
		HideSolutionNode = FALSE
	EndGlobalSection
	GlobalSection(ExtensibilityGlobals) = postSolution
		SolutionGuid = {302C6747-615A-4F0A-9468-A4FA8477183D}
	EndGlobalSection
EndGlobal
